version = 1
revision = 3
requires-python = ">=3.14"

[[package]]
name = "moruna"
source = { editable = "." }
dependencies = [
    { name = "pyarrow" },
]

[package.optional-dependencies]
polars = [
    { name = "polars" },
]

[package.metadata]
requires-dist = [
    { name = "polars", marker = "extra == 'polars'", specifier = ">=1.0" },
    { name = "pyarrow", specifier = ">=17" },
]
provides-extras = ["polars"]

[[package]]
name = "polars"
version = "1.44.2"
source = { registry = "https://pypi.org/simple" }
dependencies = [
    { name = "polars-runtime-32" },
]
sdist = { url = "https://files.pythonhosted.org/packages/a4/15/e8541eefc22fbc7ca89bcb5112298a153729f73cfbc0cf6a668e509f975c/polars-1.44.2.tar.gz", hash = "sha256:86c8e26b6c2de8c8d344bb910b74dfc47b118ac3fe0f19b44909467990a0b281", size = 766272, upload-time = "2026-09-09T07:42:08.859Z" }
wheels = [
    { url = "https://files.pythonhosted.org/packages/51/6d/3014112c7f717d1253223faa13b6db3ac3a64ed00ab2a3bc1b942bc9cdd4/polars-1.44.2-py3-none-any.whl", hash = "sha256:1bb331f17a40d9d931101533dcd33637b66edc61eb377b07020dac16a0f0377b", size = 865768, upload-time = "2026-09-09T07:40:12.053Z" },
]

[[package]]
name = "polars-runtime-32"
version = "1.44.2"
source = { registry = "https://pypi.org/simple" }
sdist = { url = "https://files.pythonhosted.org/packages/d4/a1/a7eace6587b56f22cf2a21ab4d5e695db372dc23fd96accb68b1ec12660b/polars_runtime_32-1.44.2.tar.gz", hash = "sha256:b84842f7d621aaca7a52e165e19a24f89db45f8aa13744941430218419a14a67", size = 3172205, upload-time = "2026-09-09T07:42:10.851Z" }
wheels = [
    { url = "https://files.pythonhosted.org/packages/99/5b/a5215f82c3dd443dc5d6911b0d3e937f97056e0ef7753f7e123422481a18/polars_runtime_32-1.44.2-cp310-abi3-macosx_10_12_x86_64.whl", hash = "sha256:1fd536720668ba203a16a20b08cd6b23057e407a0279cf36b2f35f879d6e3208", size = 48334014, upload-time = "2026-09-09T07:40:16.43Z" },
    { url = "https://files.pythonhosted.org/packages/c2/e0/f3dc93fce4b4e99370db6a89001a1b8d3c606e3560d0d91dda809d6c6324/polars_runtime_32-1.44.2-cp310-abi3-macosx_11_0_arm64.whl", hash = "sha256:e0fd43720c8222ae39919c8ff891636d53b352706087120e62f83544dd3ff782", size = 43331099, upload-time = "2026-09-09T07:40:21.029Z" },
    { url = "https://files.pythonhosted.org/packages/4e/4f/076626ce93ddd622203c4b27be2a96d034cf5b24110c52e96e6029f0ea33/polars_runtime_32-1.44.2-cp310-abi3-manylinux_2_17_aarch64.manylinux2014_aarch64.whl", hash = "sha256:bbf9b45040291dc1c6c588c837019c33557bde25ec536562a9cca9e1f6dfcc45", size = 46590853, upload-time = "2026-09-09T07:40:24.934Z" },
    { url = "https://files.pythonhosted.org/packages/e9/24/ed9982657c446dd5491b089370eea196725673570cfc61f7225a9fdd7ef0/polars_runtime_32-1.44.2-cp310-abi3-manylinux_2_17_x86_64.manylinux2014_x86_64.whl", hash = "sha256:a1bafb441e99199a62c63bf1bbdc0ea09ee9776dbac2bf31452b5000fb1df2f7", size = 49912258, upload-time = "2026-09-09T07:40:29.238Z" },
    { url = "https://files.pythonhosted.org/packages/71/42/5490ab360aa2406119825ad82203a5e2ff27a3a5893ca8e0b93c053a59a3/polars_runtime_32-1.44.2-cp310-abi3-musllinux_1_2_aarch64.whl", hash = "sha256:10c0c695a418407617b5159db7d9a21074a733e4c6d61275b6762f25cb31ca99", size = 46737310, upload-time = "2026-09-09T07:40:33.143Z" },
    { url = "https://files.pythonhosted.org/packages/06/8f/d741afb1dcd1848161189e017d27972e7e78556d8dce66b94d4235093706/polars_runtime_32-1.44.2-cp310-abi3-musllinux_1_2_x86_64.whl", hash = "sha256:c4a09fb14aad711526346efc0cb2015c2fd0555ce4118b6524e5debbaea65ff5", size = 49887654, upload-time = "2026-09-09T07:40:37.455Z" },
    { url = "https://files.pythonhosted.org/packages/ba/e7/c61c1c7eea37705920fe7c1302d1dd80d1165db2b928f0da3eae6d1ebb75/polars_runtime_32-1.44.2-cp310-abi3-win_amd64.whl", hash = "sha256:8598e7a20efba70bb74978c7df7af7c606ff4d79b9b48fdd808250b189bc9a13", size = 51297967, upload-time = "2026-09-09T07:40:41.993Z" },
    { url = "https://files.pythonhosted.org/packages/e7/a0/d0dd0d2ec95fa328dd47055905fae53ba3cd79f11c8973326ebe75a49e4c/polars_runtime_32-1.44.2-cp310-abi3-win_arm64.whl", hash = "sha256:d51040d3ab40157f6db3c62be59cab5b80fb3c8d158924769c4982a1c8eef730", size = 44303345, upload-time = "2026-09-09T07:40:47.081Z" },
]

[[package]]
name = "pyarrow"
version = "25.0.1"
source = { registry = "https://pypi.org/simple" }
sdist = { url = "https://files.pythonhosted.org/packages/3d/e3/27f57f80141379d60defe6703eb50a707325706f07fedfd1312c7a751995/pyarrow-25.0.1.tar.gz", hash = "sha256:9150a83248bfed9813ea3c3af74c3856c1984d444aa28e58bf7733b9750ddf6a", size = 1201653, upload-time = "2026-08-10T12:40:53.904Z" }
wheels = [
    { url = "https://files.pythonhosted.org/packages/36/4c/b525824ad3094076919273cd97db61fb3d78252dee76fa3b8dc8f76774aa/pyarrow-25.0.1-cp314-cp314-macosx_12_0_arm64.whl", hash = "sha256:bf0b672390cdcb640d7288f96b826d71ff4e9abb254a86c89890baf51a29cee6", size = 35885255, upload-time = "2026-08-10T12:39:32.366Z" },
    { url = "https://files.pythonhosted.org/packages/08/62/448bb0e940de41aec31d1a956e63ad9c54afdf122a103cc3ab20c2a3ce33/pyarrow-25.0.1-cp314-cp314-macosx_12_0_x86_64.whl", hash = "sha256:38a9a4b4b9613380e200641891495a56c3d5a98a092db4a870af9975e220471d", size = 37644461, upload-time = "2026-08-10T12:39:38.142Z" },
    { url = "https://files.pythonhosted.org/packages/6e/9a/13587e38bd4806fd218f50fd13b8903fab60588a699ff0c406372e5b4043/pyarrow-25.0.1-cp314-cp314-manylinux_2_28_aarch64.whl", hash = "sha256:0b726ad7e7b669be982b0c71c07fe4b037d654354130da79a7902a669e93a66b", size = 46877146, upload-time = "2026-08-10T12:39:43.722Z" },
    { url = "https://files.pythonhosted.org/packages/8d/61/1c5d1229fa21da4cff5365e41e57177aaac57c563c727f35419b8513d1c1/pyarrow-25.0.1-cp314-cp314-manylinux_2_28_x86_64.whl", hash = "sha256:9171748cdf796972d85a4b60157c279913e242992e350c90c7450182a9838b2a", size = 50131616, upload-time = "2026-08-10T12:39:49.304Z" },
    { url = "https://files.pythonhosted.org/packages/43/20/291e1d65cc0b09aa19f03cf25cf51a2f5fa94b5db315178f2d254ed5cad4/pyarrow-25.0.1-cp314-cp314-musllinux_1_2_aarch64.whl", hash = "sha256:b7a296aac7a71fa0886c08e155ddb6c636a50013f801f6178daafa0f9e726188", size = 50008879, upload-time = "2026-08-10T12:39:56.891Z" },
    { url = "https://files.pythonhosted.org/packages/8b/7c/1b7c9ec28e76576337e4f97b31141c9a181b89b6d1d6221e9d8205621a58/pyarrow-25.0.1-cp314-cp314-musllinux_1_2_x86_64.whl", hash = "sha256:0fe7c8b6c03969b49c8c66182e4a18e3819ab92d07cfab5d8370c531b9369ef0", size = 53170864, upload-time = "2026-08-10T12:40:04.918Z" },
    { url = "https://files.pythonhosted.org/packages/b7/75/f3d789dc06011a765d14d86bda799cf72ac1d715b6a6edecaa0d73d95062/pyarrow-25.0.1-cp314-cp314-win_amd64.whl", hash = "sha256:f729cfdbd36fd99d543b67a914d2de044c84ebe45be8b34902b299b608c15c8f", size = 28620729, upload-time = "2026-08-10T12:40:51.41Z" },
    { url = "https://files.pythonhosted.org/packages/fc/05/647a8ee6f7c2662feb6921315617bc04dcd6034763fb61b1199720bf6162/pyarrow-25.0.1-cp314-cp314t-macosx_12_0_arm64.whl", hash = "sha256:59a2de54c0cbd954da861eee4d1d330f8e909c45b53455baef696380f2c55033", size = 36130288, upload-time = "2026-08-10T12:40:11.014Z" },
    { url = "https://files.pythonhosted.org/packages/93/f8/c9ee997554d7bea94520667dd1933f109ac1da3ee3556d2b49381e023484/pyarrow-25.0.1-cp314-cp314t-macosx_12_0_x86_64.whl", hash = "sha256:35935cd5de130aa5cf4dea052a63e6bf2e17006c35c3a468194242b9b2bf5956", size = 37762187, upload-time = "2026-08-10T12:40:16.592Z" },
    { url = "https://files.pythonhosted.org/packages/a2/08/a28c01c7fe9e96e8233ce2d13df1d402f4f999f848f51d2daacd6bb4c036/pyarrow-25.0.1-cp314-cp314t-manylinux_2_28_aarch64.whl", hash = "sha256:f3831aaa25c67a99f99dc8b05873cb9d64560390372e2aa197ce9dd4a3f06a44", size = 46888003, upload-time = "2026-08-10T12:40:23.242Z" },
    { url = "https://files.pythonhosted.org/packages/1b/b9/58612e977d28dc58c878448866838369ee8da2f1e7cc8ed2c84b952aafee/pyarrow-25.0.1-cp314-cp314t-manylinux_2_28_x86_64.whl", hash = "sha256:6a1fdfc6659b6b19022f2e50627fb5cf7156a66c46bf4299379955cbe742382a", size = 50079036, upload-time = "2026-08-10T12:40:29.169Z" },
    { url = "https://files.pythonhosted.org/packages/72/13/66e1402dcc860e1dc2760b1e0292c9a569b62b3bccab69def1b3e907d006/pyarrow-25.0.1-cp314-cp314t-musllinux_1_2_aarch64.whl", hash = "sha256:169d3429d5be7c752125890620f75a60776d38b0035eddae939651640822332e", size = 50040226, upload-time = "2026-08-10T12:40:35.186Z" },
    { url = "https://files.pythonhosted.org/packages/78/10/3f1a5497a7ef732ab0f03ecca3e66d89d9c0f57fdc61b4794c456b781f01/pyarrow-25.0.1-cp314-cp314t-musllinux_1_2_x86_64.whl", hash = "sha256:119297a6dc197e45d9c6d4415f7814a67ffa36c180d26f68c154c58067ae782d", size = 53149035, upload-time = "2026-08-10T12:40:41.454Z" },
    { url = "https://files.pythonhosted.org/packages/93/c0/37d4a7e8e2f7a6076283673d5298018ca26478b934c6ee369e10505ab32c/pyarrow-25.0.1-cp314-cp314t-win_amd64.whl", hash = "sha256:4288f27577352d608ca08553b0865e4a9b3aa14820c5d95b53337218d609835b", size = 28753071, upload-time = "2026-08-10T12:40:46.623Z" },
]
